{
    "name": "directory-sync",
    "version": "2.0.18",
    "lockfileVersion": 2,
    "requires": true,
    "packages": {
        "": {
            "name": "directory-sync",
            "version": "2.0.18",
            "license": "MIT",
            "dependencies": {
                "chokidar": "^3.5.3",
                "hyper-express": "^6.8.4",
                "just-queue": "^1.0.1",
                "node-fetch": "^3.2.0",
                "temp-dir": "^2.0.0",
                "ws": "^8.5.0"
            }
        },
        "node_modules/@types/body-parser": {
            "version": "1.19.2",
            "resolved": "https://registry.npmjs.org/@types/body-parser/-/body-parser-1.19.2.tgz",
            "integrity": "sha512-ALYone6pm6QmwZoAgeyNksccT9Q4AWZQ6PvfwR37GT6r6FWUPguq6sUmNGSMV2Wr761oQoBxwGGa6DR5o1DC9g==",
            "dependencies": {
                "@types/connect": "*",
                "@types/node": "*"
            }
        },
        "node_modules/@types/busboy": {
            "version": "0.3.2",
            "resolved": "https://registry.npmjs.org/@types/busboy/-/busboy-0.3.2.tgz",
            "integrity": "sha512-iEvdm9Z9KdSs/ozuh1Z7ZsXrOl8F4M/CLMXPZHr3QuJ4d6Bjn+HBMC5EMKpwpAo8oi8iK9GZfFoHaIMrrZgwVw==",
            "dependencies": {
                "@types/node": "*"
            }
        },
        "node_modules/@types/connect": {
            "version": "3.4.35",
            "resolved": "https://registry.npmjs.org/@types/connect/-/connect-3.4.35.tgz",
            "integrity": "sha512-cdeYyv4KWoEgpBISTxWvqYsVy444DOqehiF3fM3ne10AmJ62RSyNkUnxMJXHQWRQQX2eR94m5y1IZyDwBjV9FQ==",
            "dependencies": {
                "@types/node": "*"
            }
        },
        "node_modules/@types/express": {
            "version": "4.17.13",
            "resolved": "https://registry.npmjs.org/@types/express/-/express-4.17.13.tgz",
            "integrity": "sha512-6bSZTPaTIACxn48l50SR+axgrqm6qXFIxrdAKaG6PaJk3+zuUr35hBlgT7vOmJcum+OEaIBLtHV/qloEAFITeA==",
            "dependencies": {
                "@types/body-parser": "*",
                "@types/express-serve-static-core": "^4.17.18",
                "@types/qs": "*",
                "@types/serve-static": "*"
            }
        },
        "node_modules/@types/express-serve-static-core": {
            "version": "4.17.28",
            "resolved": "https://registry.npmjs.org/@types/express-serve-static-core/-/express-serve-static-core-4.17.28.tgz",
            "integrity": "sha512-P1BJAEAW3E2DJUlkgq4tOL3RyMunoWXqbSCygWo5ZIWTjUgN1YnaXWW4VWl/oc8vs/XoYibEGBKP0uZyF4AHig==",
            "dependencies": {
                "@types/node": "*",
                "@types/qs": "*",
                "@types/range-parser": "*"
            }
        },
        "node_modules/@types/mime": {
            "version": "1.3.2",
            "resolved": "https://registry.npmjs.org/@types/mime/-/mime-1.3.2.tgz",
            "integrity": "sha512-YATxVxgRqNH6nHEIsvg6k2Boc1JHI9ZbH5iWFFv/MTkchz3b1ieGDa5T0a9RznNdI0KhVbdbWSN+KWWrQZRxTw=="
        },
        "node_modules/@types/node": {
            "version": "16.11.29",
            "resolved": "https://registry.npmjs.org/@types/node/-/node-16.11.29.tgz",
            "integrity": "sha512-9dDdonLyPJQJ/kdOlDxAah+bTI+u2ccF3k62FErhquDuggoCX6piWez7j7o6yNE+rP2IRcZVQ6Tw4N0P38+rWA=="
        },
        "node_modules/@types/qs": {
            "version": "6.9.7",
            "resolved": "https://registry.npmjs.org/@types/qs/-/qs-6.9.7.tgz",
            "integrity": "sha512-FGa1F62FT09qcrueBA6qYTrJPVDzah9a+493+o2PCXsesWHIn27G98TsSMs3WPNbZIEj4+VJf6saSFpvD+3Zsw=="
        },
        "node_modules/@types/range-parser": {
            "version": "1.2.4",
            "resolved": "https://registry.npmjs.org/@types/range-parser/-/range-parser-1.2.4.tgz",
            "integrity": "sha512-EEhsLsD6UsDM1yFhAvy0Cjr6VwmpMWqFBCb9w07wVugF7w9nfajxLuVmngTIpgS6svCnm6Vaw+MZhoDCKnOfsw=="
        },
        "node_modules/@types/serve-static": {
            "version": "1.13.10",
            "resolved": "https://registry.npmjs.org/@types/serve-static/-/serve-static-1.13.10.tgz",
            "integrity": "sha512-nCkHGI4w7ZgAdNkrEu0bv+4xNV/XDqW+DydknebMOQwkpDGx8G+HTlj7R7ABI8i8nKxVw0wtKPi1D+lPOkh4YQ==",
            "dependencies": {
                "@types/mime": "^1",
                "@types/node": "*"
            }
        },
        "node_modules/accepts": {
            "version": "1.3.8",
            "resolved": "https://registry.npmjs.org/accepts/-/accepts-1.3.8.tgz",
            "integrity": "sha512-PYAthTa2m2VKxuvSD3DPC/Gy+U+sOA1LAuT8mkmRuvw+NACSaeXEQ+NHcVF7rONl6qcaxV3Uuemwawk+7+SJLw==",
            "dependencies": {
                "mime-types": "~2.1.34",
                "negotiator": "0.6.3"
            },
            "engines": {
                "node": ">= 0.6"
            }
        },
        "node_modules/anymatch": {
            "version": "3.1.2",
            "resolved": "https://registry.npmjs.org/anymatch/-/anymatch-3.1.2.tgz",
            "integrity": "sha512-P43ePfOAIupkguHUycrc4qJ9kz8ZiuOUijaETwX7THt0Y/GNK7v0aa8rY816xWjZ7rJdA5XdMcpVFTKMq+RvWg==",
            "dependencies": {
                "normalize-path": "^3.0.0",
                "picomatch": "^2.0.4"
            },
            "engines": {
                "node": ">= 8"
            }
        },
        "node_modules/binary-extensions": {
            "version": "2.2.0",
            "resolved": "https://registry.npmjs.org/binary-extensions/-/binary-extensions-2.2.0.tgz",
            "integrity": "sha512-jDctJ/IVQbZoJykoeHbhXpOlNBqGNcwXJKJog42E5HDPUwQTSdjCHdihjj0DlnheQ7blbT6dHOafNAiS8ooQKA==",
            "engines": {
                "node": ">=8"
            }
        },
        "node_modules/braces": {
            "version": "3.0.2",
            "resolved": "https://registry.npmjs.org/braces/-/braces-3.0.2.tgz",
            "integrity": "sha512-b8um+L1RzM3WDSzvhm6gIz1yfTbBt6YTlcEKAvsmqCZZFw46z626lVj9j1yEPW33H5H+lBQpZMP1k8l+78Ha0A==",
            "dependencies": {
                "fill-range": "^7.0.1"
            },
            "engines": {
                "node": ">=8"
            }
        },
        "node_modules/busboy": {
            "version": "1.6.0",
            "resolved": "https://registry.npmjs.org/busboy/-/busboy-1.6.0.tgz",
            "integrity": "sha512-8SFQbg/0hQ9xy3UNTB0YEnsNBbWfhf7RtnzpL7TkBiTBRfrQ9Fxcnz7VJsleJpyp6rVLvXiuORqjlHi5q+PYuA==",
            "dependencies": {
                "streamsearch": "^1.1.0"
            },
            "engines": {
                "node": ">=10.16.0"
            }
        },
        "node_modules/chokidar": {
            "version": "3.5.3",
            "resolved": "https://registry.npmjs.org/chokidar/-/chokidar-3.5.3.tgz",
            "integrity": "sha512-Dr3sfKRP6oTcjf2JmUmFJfeVMvXBdegxB0iVQ5eb2V10uFJUCAS8OByZdVAyVb8xXNz3GjjTgj9kLWsZTqE6kw==",
            "funding": [
                {
                    "type": "individual",
                    "url": "https://paulmillr.com/funding/"
                }
            ],
            "dependencies": {
                "anymatch": "~3.1.2",
                "braces": "~3.0.2",
                "glob-parent": "~5.1.2",
                "is-binary-path": "~2.1.0",
                "is-glob": "~4.0.1",
                "normalize-path": "~3.0.0",
                "readdirp": "~3.6.0"
            },
            "engines": {
                "node": ">= 8.10.0"
            },
            "optionalDependencies": {
                "fsevents": "~2.3.2"
            }
        },
        "node_modules/cookie": {
            "version": "0.4.2",
            "resolved": "https://registry.npmjs.org/cookie/-/cookie-0.4.2.tgz",
            "integrity": "sha512-aSWTXFzaKWkvHO1Ny/s+ePFpvKsPnjc551iI41v3ny/ow6tBG5Vd+FuqGNhh1LxOmVzOlGUriIlOaokOvhaStA==",
            "engines": {
                "node": ">= 0.6"
            }
        },
        "node_modules/cookie-signature": {
            "version": "1.2.0",
            "resolved": "https://registry.npmjs.org/cookie-signature/-/cookie-signature-1.2.0.tgz",
            "integrity": "sha512-R0BOPfLGTitaKhgKROKZQN6iyq2iDQcH1DOF8nJoaWapguX5bC2w+Q/I9NmmM5lfcvEarnLZr+cCvmEYYSXvYA==",
            "engines": {
                "node": ">=6.6.0"
            }
        },
        "node_modules/data-uri-to-buffer": {
            "version": "4.0.0",
            "resolved": "https://registry.npmjs.org/data-uri-to-buffer/-/data-uri-to-buffer-4.0.0.tgz",
            "integrity": "sha512-Vr3mLBA8qWmcuschSLAOogKgQ/Jwxulv3RNE4FXnYWRGujzrRWQI4m12fQqRkwX06C0KanhLr4hK+GydchZsaA==",
            "engines": {
                "node": ">= 12"
            }
        },
        "node_modules/fetch-blob": {
            "version": "3.1.5",
            "resolved": "https://registry.npmjs.org/fetch-blob/-/fetch-blob-3.1.5.tgz",
            "integrity": "sha512-N64ZpKqoLejlrwkIAnb9iLSA3Vx/kjgzpcDhygcqJ2KKjky8nCgUQ+dzXtbrLaWZGZNmNfQTsiQ0weZ1svglHg==",
            "funding": [
                {
                    "type": "github",
                    "url": "https://github.com/sponsors/jimmywarting"
                },
                {
                    "type": "paypal",
                    "url": "https://paypal.me/jimmywarting"
                }
            ],
            "dependencies": {
                "node-domexception": "^1.0.0",
                "web-streams-polyfill": "^3.0.3"
            },
            "engines": {
                "node": "^12.20 || >= 14.13"
            }
        },
        "node_modules/fill-range": {
            "version": "7.0.1",
            "resolved": "https://registry.npmjs.org/fill-range/-/fill-range-7.0.1.tgz",
            "integrity": "sha512-qOo9F+dMUmC2Lcb4BbVvnKJxTPjCm+RRpe4gDuGrzkL7mEVl/djYSu2OdQ2Pa302N4oqkSg9ir6jaLWJ2USVpQ==",
            "dependencies": {
                "to-regex-range": "^5.0.1"
            },
            "engines": {
                "node": ">=8"
            }
        },
        "node_modules/formdata-polyfill": {
            "version": "4.0.10",
            "resolved": "https://registry.npmjs.org/formdata-polyfill/-/formdata-polyfill-4.0.10.tgz",
            "integrity": "sha512-buewHzMvYL29jdeQTVILecSaZKnt/RJWjoZCF5OW60Z67/GmSLBkOFM7qh1PI3zFNtJbaZL5eQu1vLfazOwj4g==",
            "dependencies": {
                "fetch-blob": "^3.1.2"
            },
            "engines": {
                "node": ">=12.20.0"
            }
        },
        "node_modules/fsevents": {
            "version": "2.3.2",
            "resolved": "https://registry.npmjs.org/fsevents/-/fsevents-2.3.2.tgz",
            "integrity": "sha512-xiqMQR4xAeHTuB9uWm+fFRcIOgKBMiOBP+eXiyT7jsgVCq1bkVygt00oASowB7EdtpOHaaPgKt812P9ab+DDKA==",
            "hasInstallScript": true,
            "optional": true,
            "os": [
                "darwin"
            ],
            "engines": {
                "node": "^8.16.0 || ^10.6.0 || >=11.0.0"
            }
        },
        "node_modules/glob-parent": {
            "version": "5.1.2",
            "resolved": "https://registry.npmjs.org/glob-parent/-/glob-parent-5.1.2.tgz",
            "integrity": "sha512-AOIgSQCepiJYwP3ARnGx+5VnTu2HBYdzbGP45eLw1vr3zB3vZLeyed1sC9hnbcOc9/SrMyM5RPQrkGz4aS9Zow==",
            "dependencies": {
                "is-glob": "^4.0.1"
            },
            "engines": {
                "node": ">= 6"
            }
        },
        "node_modules/hyper-express": {
            "version": "6.8.4",
            "resolved": "https://registry.npmjs.org/hyper-express/-/hyper-express-6.8.4.tgz",
            "integrity": "sha512-pyAm5+UY9oy8qnkniWvi+1XsSSeagEkro2Z5DpB7Q5tTONlcO07VuyWzXWktsStfkiXLS7TI7J9LintvQgrjxg==",
            "dependencies": {
                "@types/busboy": "^0.3.1",
                "@types/express": "^4.17.13",
                "@types/node": "^16.11.6",
                "accepts": "^1.3.7",
                "busboy": "^1.0.0",
                "cookie": "^0.4.1",
                "cookie-signature": "^1.1.0",
                "mime-types": "^2.1.33",
                "range-parser": "^1.2.1",
                "type-is": "^1.6.18",
                "typed-emitter": "^2.1.0",
                "uWebSockets.js": "github:uNetworking/uWebSockets.js#v20.31.0"
            }
        },
        "node_modules/is-binary-path": {
            "version": "2.1.0",
            "resolved": "https://registry.npmjs.org/is-binary-path/-/is-binary-path-2.1.0.tgz",
            "integrity": "sha512-ZMERYes6pDydyuGidse7OsHxtbI7WVeUEozgR/g7rd0xUimYNlvZRE/K2MgZTjWy725IfelLeVcEM97mmtRGXw==",
            "dependencies": {
                "binary-extensions": "^2.0.0"
            },
            "engines": {
                "node": ">=8"
            }
        },
        "node_modules/is-extglob": {
            "version": "2.1.1",
            "resolved": "https://registry.npmjs.org/is-extglob/-/is-extglob-2.1.1.tgz",
            "integrity": "sha1-qIwCU1eR8C7TfHahueqXc8gz+MI=",
            "engines": {
                "node": ">=0.10.0"
            }
        },
        "node_modules/is-glob": {
            "version": "4.0.3",
            "resolved": "https://registry.npmjs.org/is-glob/-/is-glob-4.0.3.tgz",
            "integrity": "sha512-xelSayHH36ZgE7ZWhli7pW34hNbNl8Ojv5KVmkJD4hBdD3th8Tfk9vYasLM+mXWOZhFkgZfxhLSnrwRr4elSSg==",
            "dependencies": {
                "is-extglob": "^2.1.1"
            },
            "engines": {
                "node": ">=0.10.0"
            }
        },
        "node_modules/is-number": {
            "version": "7.0.0",
            "resolved": "https://registry.npmjs.org/is-number/-/is-number-7.0.0.tgz",
            "integrity": "sha512-41Cifkg6e8TylSpdtTpeLVMqvSBEVzTttHvERD741+pnZ8ANv0004MRL43QKPDlK9cGvNp6NZWZUBlbGXYxxng==",
            "engines": {
                "node": ">=0.12.0"
            }
        },
        "node_modules/just-queue": {
            "version": "1.0.1",
            "resolved": "https://registry.npmjs.org/just-queue/-/just-queue-1.0.1.tgz",
            "integrity": "sha512-eUbSioOUcobIArmndD2Q16bv8ZKZS1L0KzNoJhMNRAw7BQW3HDyX2To6L25+3I17ftl7sss4HVL83zjjb3KeYg=="
        },
        "node_modules/media-typer": {
            "version": "0.3.0",
            "resolved": "https://registry.npmjs.org/media-typer/-/media-typer-0.3.0.tgz",
            "integrity": "sha1-hxDXrwqmJvj/+hzgAWhUUmMlV0g=",
            "engines": {
                "node": ">= 0.6"
            }
        },
        "node_modules/mime-db": {
            "version": "1.52.0",
            "resolved": "https://registry.npmjs.org/mime-db/-/mime-db-1.52.0.tgz",
            "integrity": "sha512-sPU4uV7dYlvtWJxwwxHD0PuihVNiE7TyAbQ5SWxDCB9mUYvOgroQOwYQQOKPJ8CIbE+1ETVlOoK1UC2nU3gYvg==",
            "engines": {
                "node": ">= 0.6"
            }
        },
        "node_modules/mime-types": {
            "version": "2.1.35",
            "resolved": "https://registry.npmjs.org/mime-types/-/mime-types-2.1.35.tgz",
            "integrity": "sha512-ZDY+bPm5zTTF+YpCrAU9nK0UgICYPT0QtT1NZWFv4s++TNkcgVaT0g6+4R2uI4MjQjzysHB1zxuWL50hzaeXiw==",
            "dependencies": {
                "mime-db": "1.52.0"
            },
            "engines": {
                "node": ">= 0.6"
            }
        },
        "node_modules/negotiator": {
            "version": "0.6.3",
            "resolved": "https://registry.npmjs.org/negotiator/-/negotiator-0.6.3.tgz",
            "integrity": "sha512-+EUsqGPLsM+j/zdChZjsnX51g4XrHFOIXwfnCVPGlQk/k5giakcKsuxCObBRu6DSm9opw/O6slWbJdghQM4bBg==",
            "engines": {
                "node": ">= 0.6"
            }
        },
        "node_modules/node-domexception": {
            "version": "1.0.0",
            "resolved": "https://registry.npmjs.org/node-domexception/-/node-domexception-1.0.0.tgz",
            "integrity": "sha512-/jKZoMpw0F8GRwl4/eLROPA3cfcXtLApP0QzLmUT/HuPCZWyB7IY9ZrMeKw2O/nFIqPQB3PVM9aYm0F312AXDQ==",
            "funding": [
                {
                    "type": "github",
                    "url": "https://github.com/sponsors/jimmywarting"
                },
                {
                    "type": "github",
                    "url": "https://paypal.me/jimmywarting"
                }
            ],
            "engines": {
                "node": ">=10.5.0"
            }
        },
        "node_modules/node-fetch": {
            "version": "3.2.3",
            "resolved": "https://registry.npmjs.org/node-fetch/-/node-fetch-3.2.3.tgz",
            "integrity": "sha512-AXP18u4pidSZ1xYXRDPY/8jdv3RAozIt/WLNR/MBGZAz+xjtlr90RvCnsvHQRiXyWliZF/CpytExp32UU67/SA==",
            "dependencies": {
                "data-uri-to-buffer": "^4.0.0",
                "fetch-blob": "^3.1.4",
                "formdata-polyfill": "^4.0.10"
            },
            "engines": {
                "node": "^12.20.0 || ^14.13.1 || >=16.0.0"
            },
            "funding": {
                "type": "opencollective",
                "url": "https://opencollective.com/node-fetch"
            }
        },
        "node_modules/normalize-path": {
            "version": "3.0.0",
            "resolved": "https://registry.npmjs.org/normalize-path/-/normalize-path-3.0.0.tgz",
            "integrity": "sha512-6eZs5Ls3WtCisHWp9S2GUy8dqkpGi4BVSz3GaqiE6ezub0512ESztXUwUB6C6IKbQkY2Pnb/mD4WYojCRwcwLA==",
            "engines": {
                "node": ">=0.10.0"
            }
        },
        "node_modules/picomatch": {
            "version": "2.3.1",
            "resolved": "https://registry.npmjs.org/picomatch/-/picomatch-2.3.1.tgz",
            "integrity": "sha512-JU3teHTNjmE2VCGFzuY8EXzCDVwEqB2a8fsIvwaStHhAWJEeVd1o1QD80CU6+ZdEXXSLbSsuLwJjkCBWqRQUVA==",
            "engines": {
                "node": ">=8.6"
            },
            "funding": {
                "url": "https://github.com/sponsors/jonschlinkert"
            }
        },
        "node_modules/range-parser": {
            "version": "1.2.1",
            "resolved": "https://registry.npmjs.org/range-parser/-/range-parser-1.2.1.tgz",
            "integrity": "sha512-Hrgsx+orqoygnmhFbKaHE6c296J+HTAQXoxEF6gNupROmmGJRoyzfG3ccAveqCBrwr/2yxQ5BVd/GTl5agOwSg==",
            "engines": {
                "node": ">= 0.6"
            }
        },
        "node_modules/readdirp": {
            "version": "3.6.0",
            "resolved": "https://registry.npmjs.org/readdirp/-/readdirp-3.6.0.tgz",
            "integrity": "sha512-hOS089on8RduqdbhvQ5Z37A0ESjsqz6qnRcffsMU3495FuTdqSm+7bhJ29JvIOsBDEEnan5DPu9t3To9VRlMzA==",
            "dependencies": {
                "picomatch": "^2.2.1"
            },
            "engines": {
                "node": ">=8.10.0"
            }
        },
        "node_modules/rxjs": {
            "version": "7.8.1",
            "resolved": "https://registry.npmjs.org/rxjs/-/rxjs-7.8.1.tgz",
            "integrity": "sha512-AA3TVj+0A2iuIoQkWEK/tqFjBq2j+6PO6Y0zJcvzLAFhEFIO3HL0vls9hWLncZbAAbK0mar7oZ4V079I/qPMxg==",
            "optional": true,
            "dependencies": {
                "tslib": "^2.1.0"
            }
        },
        "node_modules/streamsearch": {
            "version": "1.1.0",
            "resolved": "https://registry.npmjs.org/streamsearch/-/streamsearch-1.1.0.tgz",
            "integrity": "sha512-Mcc5wHehp9aXz1ax6bZUyY5afg9u2rv5cqQI3mRrYkGC8rW2hM02jWuwjtL++LS5qinSyhj2QfLyNsuc+VsExg==",
            "engines": {
                "node": ">=10.0.0"
            }
        },
        "node_modules/temp-dir": {
            "version": "2.0.0",
            "resolved": "https://registry.npmjs.org/temp-dir/-/temp-dir-2.0.0.tgz",
            "integrity": "sha512-aoBAniQmmwtcKp/7BzsH8Cxzv8OL736p7v1ihGb5e9DJ9kTwGWHrQrVB5+lfVDzfGrdRzXch+ig7LHaY1JTOrg==",
            "engines": {
                "node": ">=8"
            }
        },
        "node_modules/to-regex-range": {
            "version": "5.0.1",
            "resolved": "https://registry.npmjs.org/to-regex-range/-/to-regex-range-5.0.1.tgz",
            "integrity": "sha512-65P7iz6X5yEr1cwcgvQxbbIw7Uk3gOy5dIdtZ4rDveLqhrdJP+Li/Hx6tyK0NEb+2GCyneCMJiGqrADCSNk8sQ==",
            "dependencies": {
                "is-number": "^7.0.0"
            },
            "engines": {
                "node": ">=8.0"
            }
        },
        "node_modules/tslib": {
            "version": "2.6.1",
            "resolved": "https://registry.npmjs.org/tslib/-/tslib-2.6.1.tgz",
            "integrity": "sha512-t0hLfiEKfMUoqhG+U1oid7Pva4bbDPHYfJNiB7BiIjRkj1pyC++4N3huJfqY6aRH6VTB0rvtzQwjM4K6qpfOig==",
            "optional": true
        },
        "node_modules/type-is": {
            "version": "1.6.18",
            "resolved": "https://registry.npmjs.org/type-is/-/type-is-1.6.18.tgz",
            "integrity": "sha512-TkRKr9sUTxEH8MdfuCSP7VizJyzRNMjj2J2do2Jr3Kym598JVdEksuzPQCnlFPW4ky9Q+iA+ma9BGm06XQBy8g==",
            "dependencies": {
                "media-typer": "0.3.0",
                "mime-types": "~2.1.24"
            },
            "engines": {
                "node": ">= 0.6"
            }
        },
        "node_modules/typed-emitter": {
            "version": "2.1.0",
            "resolved": "https://registry.npmjs.org/typed-emitter/-/typed-emitter-2.1.0.tgz",
            "integrity": "sha512-g/KzbYKbH5C2vPkaXGu8DJlHrGKHLsM25Zg9WuC9pMGfuvT+X25tZQWo5fK1BjBm8+UrVE9LDCvaY0CQk+fXDA==",
            "optionalDependencies": {
                "rxjs": "*"
            }
        },
        "node_modules/uWebSockets.js": {
            "version": "20.31.0",
            "resolved": "git+ssh://git@github.com/uNetworking/uWebSockets.js.git#809b99d2d7d12e2cbf89b7135041e9b41ff84084"
        },
        "node_modules/web-streams-polyfill": {
            "version": "3.2.1",
            "resolved": "https://registry.npmjs.org/web-streams-polyfill/-/web-streams-polyfill-3.2.1.tgz",
            "integrity": "sha512-e0MO3wdXWKrLbL0DgGnUV7WHVuw9OUvL4hjgnPkIeEvESk74gAITi5G606JtZPp39cd8HA9VQzCIvA49LpPN5Q==",
            "engines": {
                "node": ">= 8"
            }
        },
        "node_modules/ws": {
            "version": "8.5.0",
            "resolved": "https://registry.npmjs.org/ws/-/ws-8.5.0.tgz",
            "integrity": "sha512-BWX0SWVgLPzYwF8lTzEy1egjhS4S4OEAHfsO8o65WOVsrnSRGaSiUaa9e0ggGlkMTtBlmOpEXiie9RUcBO86qg==",
            "engines": {
                "node": ">=10.0.0"
            },
            "peerDependencies": {
                "bufferutil": "^4.0.1",
                "utf-8-validate": "^5.0.2"
            },
            "peerDependenciesMeta": {
                "bufferutil": {
                    "optional": true
                },
                "utf-8-validate": {
                    "optional": true
                }
            }
        }
    },
    "dependencies": {
        "@types/body-parser": {
            "version": "1.19.2",
            "resolved": "https://registry.npmjs.org/@types/body-parser/-/body-parser-1.19.2.tgz",
            "integrity": "sha512-ALYone6pm6QmwZoAgeyNksccT9Q4AWZQ6PvfwR37GT6r6FWUPguq6sUmNGSMV2Wr761oQoBxwGGa6DR5o1DC9g==",
            "requires": {
                "@types/connect": "*",
                "@types/node": "*"
            }
        },
        "@types/busboy": {
            "version": "0.3.2",
            "resolved": "https://registry.npmjs.org/@types/busboy/-/busboy-0.3.2.tgz",
            "integrity": "sha512-iEvdm9Z9KdSs/ozuh1Z7ZsXrOl8F4M/CLMXPZHr3QuJ4d6Bjn+HBMC5EMKpwpAo8oi8iK9GZfFoHaIMrrZgwVw==",
            "requires": {
                "@types/node": "*"
            }
        },
        "@types/connect": {
            "version": "3.4.35",
            "resolved": "https://registry.npmjs.org/@types/connect/-/connect-3.4.35.tgz",
            "integrity": "sha512-cdeYyv4KWoEgpBISTxWvqYsVy444DOqehiF3fM3ne10AmJ62RSyNkUnxMJXHQWRQQX2eR94m5y1IZyDwBjV9FQ==",
            "requires": {
                "@types/node": "*"
            }
        },
        "@types/express": {
            "version": "4.17.13",
            "resolved": "https://registry.npmjs.org/@types/express/-/express-4.17.13.tgz",
            "integrity": "sha512-6bSZTPaTIACxn48l50SR+axgrqm6qXFIxrdAKaG6PaJk3+zuUr35hBlgT7vOmJcum+OEaIBLtHV/qloEAFITeA==",
            "requires": {
                "@types/body-parser": "*",
                "@types/express-serve-static-core": "^4.17.18",
                "@types/qs": "*",
                "@types/serve-static": "*"
            }
        },
        "@types/express-serve-static-core": {
            "version": "4.17.28",
            "resolved": "https://registry.npmjs.org/@types/express-serve-static-core/-/express-serve-static-core-4.17.28.tgz",
            "integrity": "sha512-P1BJAEAW3E2DJUlkgq4tOL3RyMunoWXqbSCygWo5ZIWTjUgN1YnaXWW4VWl/oc8vs/XoYibEGBKP0uZyF4AHig==",
            "requires": {
                "@types/node": "*",
                "@types/qs": "*",
                "@types/range-parser": "*"
            }
        },
        "@types/mime": {
            "version": "1.3.2",
            "resolved": "https://registry.npmjs.org/@types/mime/-/mime-1.3.2.tgz",
            "integrity": "sha512-YATxVxgRqNH6nHEIsvg6k2Boc1JHI9ZbH5iWFFv/MTkchz3b1ieGDa5T0a9RznNdI0KhVbdbWSN+KWWrQZRxTw=="
        },
        "@types/node": {
            "version": "16.11.29",
            "resolved": "https://registry.npmjs.org/@types/node/-/node-16.11.29.tgz",
            "integrity": "sha512-9dDdonLyPJQJ/kdOlDxAah+bTI+u2ccF3k62FErhquDuggoCX6piWez7j7o6yNE+rP2IRcZVQ6Tw4N0P38+rWA=="
        },
        "@types/qs": {
            "version": "6.9.7",
            "resolved": "https://registry.npmjs.org/@types/qs/-/qs-6.9.7.tgz",
            "integrity": "sha512-FGa1F62FT09qcrueBA6qYTrJPVDzah9a+493+o2PCXsesWHIn27G98TsSMs3WPNbZIEj4+VJf6saSFpvD+3Zsw=="
        },
        "@types/range-parser": {
            "version": "1.2.4",
            "resolved": "https://registry.npmjs.org/@types/range-parser/-/range-parser-1.2.4.tgz",
            "integrity": "sha512-EEhsLsD6UsDM1yFhAvy0Cjr6VwmpMWqFBCb9w07wVugF7w9nfajxLuVmngTIpgS6svCnm6Vaw+MZhoDCKnOfsw=="
        },
        "@types/serve-static": {
            "version": "1.13.10",
            "resolved": "https://registry.npmjs.org/@types/serve-static/-/serve-static-1.13.10.tgz",
            "integrity": "sha512-nCkHGI4w7ZgAdNkrEu0bv+4xNV/XDqW+DydknebMOQwkpDGx8G+HTlj7R7ABI8i8nKxVw0wtKPi1D+lPOkh4YQ==",
            "requires": {
                "@types/mime": "^1",
                "@types/node": "*"
            }
        },
        "accepts": {
            "version": "1.3.8",
            "resolved": "https://registry.npmjs.org/accepts/-/accepts-1.3.8.tgz",
            "integrity": "sha512-PYAthTa2m2VKxuvSD3DPC/Gy+U+sOA1LAuT8mkmRuvw+NACSaeXEQ+NHcVF7rONl6qcaxV3Uuemwawk+7+SJLw==",
            "requires": {
                "mime-types": "~2.1.34",
                "negotiator": "0.6.3"
            }
        },
        "anymatch": {
            "version": "3.1.2",
            "resolved": "https://registry.npmjs.org/anymatch/-/anymatch-3.1.2.tgz",
            "integrity": "sha512-P43ePfOAIupkguHUycrc4qJ9kz8ZiuOUijaETwX7THt0Y/GNK7v0aa8rY816xWjZ7rJdA5XdMcpVFTKMq+RvWg==",
            "requires": {
                "normalize-path": "^3.0.0",
                "picomatch": "^2.0.4"
            }
        },
        "binary-extensions": {
            "version": "2.2.0",
            "resolved": "https://registry.npmjs.org/binary-extensions/-/binary-extensions-2.2.0.tgz",
            "integrity": "sha512-jDctJ/IVQbZoJykoeHbhXpOlNBqGNcwXJKJog42E5HDPUwQTSdjCHdihjj0DlnheQ7blbT6dHOafNAiS8ooQKA=="
        },
        "braces": {
            "version": "3.0.2",
            "resolved": "https://registry.npmjs.org/braces/-/braces-3.0.2.tgz",
            "integrity": "sha512-b8um+L1RzM3WDSzvhm6gIz1yfTbBt6YTlcEKAvsmqCZZFw46z626lVj9j1yEPW33H5H+lBQpZMP1k8l+78Ha0A==",
            "requires": {
                "fill-range": "^7.0.1"
            }
        },
        "busboy": {
            "version": "1.6.0",
            "resolved": "https://registry.npmjs.org/busboy/-/busboy-1.6.0.tgz",
            "integrity": "sha512-8SFQbg/0hQ9xy3UNTB0YEnsNBbWfhf7RtnzpL7TkBiTBRfrQ9Fxcnz7VJsleJpyp6rVLvXiuORqjlHi5q+PYuA==",
            "requires": {
                "streamsearch": "^1.1.0"
            }
        },
        "chokidar": {
            "version": "3.5.3",
            "resolved": "https://registry.npmjs.org/chokidar/-/chokidar-3.5.3.tgz",
            "integrity": "sha512-Dr3sfKRP6oTcjf2JmUmFJfeVMvXBdegxB0iVQ5eb2V10uFJUCAS8OByZdVAyVb8xXNz3GjjTgj9kLWsZTqE6kw==",
            "requires": {
                "anymatch": "~3.1.2",
                "braces": "~3.0.2",
                "fsevents": "~2.3.2",
                "glob-parent": "~5.1.2",
                "is-binary-path": "~2.1.0",
                "is-glob": "~4.0.1",
                "normalize-path": "~3.0.0",
                "readdirp": "~3.6.0"
            }
        },
        "cookie": {
            "version": "0.4.2",
            "resolved": "https://registry.npmjs.org/cookie/-/cookie-0.4.2.tgz",
            "integrity": "sha512-aSWTXFzaKWkvHO1Ny/s+ePFpvKsPnjc551iI41v3ny/ow6tBG5Vd+FuqGNhh1LxOmVzOlGUriIlOaokOvhaStA=="
        },
        "cookie-signature": {
            "version": "1.2.0",
            "resolved": "https://registry.npmjs.org/cookie-signature/-/cookie-signature-1.2.0.tgz",
            "integrity": "sha512-R0BOPfLGTitaKhgKROKZQN6iyq2iDQcH1DOF8nJoaWapguX5bC2w+Q/I9NmmM5lfcvEarnLZr+cCvmEYYSXvYA=="
        },
        "data-uri-to-buffer": {
            "version": "4.0.0",
            "resolved": "https://registry.npmjs.org/data-uri-to-buffer/-/data-uri-to-buffer-4.0.0.tgz",
            "integrity": "sha512-Vr3mLBA8qWmcuschSLAOogKgQ/Jwxulv3RNE4FXnYWRGujzrRWQI4m12fQqRkwX06C0KanhLr4hK+GydchZsaA=="
        },
        "fetch-blob": {
            "version": "3.1.5",
            "resolved": "https://registry.npmjs.org/fetch-blob/-/fetch-blob-3.1.5.tgz",
            "integrity": "sha512-N64ZpKqoLejlrwkIAnb9iLSA3Vx/kjgzpcDhygcqJ2KKjky8nCgUQ+dzXtbrLaWZGZNmNfQTsiQ0weZ1svglHg==",
            "requires": {
                "node-domexception": "^1.0.0",
                "web-streams-polyfill": "^3.0.3"
            }
        },
        "fill-range": {
            "version": "7.0.1",
            "resolved": "https://registry.npmjs.org/fill-range/-/fill-range-7.0.1.tgz",
            "integrity": "sha512-qOo9F+dMUmC2Lcb4BbVvnKJxTPjCm+RRpe4gDuGrzkL7mEVl/djYSu2OdQ2Pa302N4oqkSg9ir6jaLWJ2USVpQ==",
            "requires": {
                "to-regex-range": "^5.0.1"
            }
        },
        "formdata-polyfill": {
            "version": "4.0.10",
            "resolved": "https://registry.npmjs.org/formdata-polyfill/-/formdata-polyfill-4.0.10.tgz",
            "integrity": "sha512-buewHzMvYL29jdeQTVILecSaZKnt/RJWjoZCF5OW60Z67/GmSLBkOFM7qh1PI3zFNtJbaZL5eQu1vLfazOwj4g==",
            "requires": {
                "fetch-blob": "^3.1.2"
            }
        },
        "fsevents": {
            "version": "2.3.2",
            "resolved": "https://registry.npmjs.org/fsevents/-/fsevents-2.3.2.tgz",
            "integrity": "sha512-xiqMQR4xAeHTuB9uWm+fFRcIOgKBMiOBP+eXiyT7jsgVCq1bkVygt00oASowB7EdtpOHaaPgKt812P9ab+DDKA==",
            "optional": true
        },
        "glob-parent": {
            "version": "5.1.2",
            "resolved": "https://registry.npmjs.org/glob-parent/-/glob-parent-5.1.2.tgz",
            "integrity": "sha512-AOIgSQCepiJYwP3ARnGx+5VnTu2HBYdzbGP45eLw1vr3zB3vZLeyed1sC9hnbcOc9/SrMyM5RPQrkGz4aS9Zow==",
            "requires": {
                "is-glob": "^4.0.1"
            }
        },
        "hyper-express": {
            "version": "6.8.4",
            "resolved": "https://registry.npmjs.org/hyper-express/-/hyper-express-6.8.4.tgz",
            "integrity": "sha512-pyAm5+UY9oy8qnkniWvi+1XsSSeagEkro2Z5DpB7Q5tTONlcO07VuyWzXWktsStfkiXLS7TI7J9LintvQgrjxg==",
            "requires": {
                "@types/busboy": "^0.3.1",
                "@types/express": "^4.17.13",
                "@types/node": "^16.11.6",
                "accepts": "^1.3.7",
                "busboy": "^1.0.0",
                "cookie": "^0.4.1",
                "cookie-signature": "^1.1.0",
                "mime-types": "^2.1.33",
                "range-parser": "^1.2.1",
                "type-is": "^1.6.18",
                "typed-emitter": "^2.1.0",
                "uWebSockets.js": "github:uNetworking/uWebSockets.js#v20.31.0"
            }
        },
        "is-binary-path": {
            "version": "2.1.0",
            "resolved": "https://registry.npmjs.org/is-binary-path/-/is-binary-path-2.1.0.tgz",
            "integrity": "sha512-ZMERYes6pDydyuGidse7OsHxtbI7WVeUEozgR/g7rd0xUimYNlvZRE/K2MgZTjWy725IfelLeVcEM97mmtRGXw==",
            "requires": {
                "binary-extensions": "^2.0.0"
            }
        },
        "is-extglob": {
            "version": "2.1.1",
            "resolved": "https://registry.npmjs.org/is-extglob/-/is-extglob-2.1.1.tgz",
            "integrity": "sha1-qIwCU1eR8C7TfHahueqXc8gz+MI="
        },
        "is-glob": {
            "version": "4.0.3",
            "resolved": "https://registry.npmjs.org/is-glob/-/is-glob-4.0.3.tgz",
            "integrity": "sha512-xelSayHH36ZgE7ZWhli7pW34hNbNl8Ojv5KVmkJD4hBdD3th8Tfk9vYasLM+mXWOZhFkgZfxhLSnrwRr4elSSg==",
            "requires": {
                "is-extglob": "^2.1.1"
            }
        },
        "is-number": {
            "version": "7.0.0",
            "resolved": "https://registry.npmjs.org/is-number/-/is-number-7.0.0.tgz",
            "integrity": "sha512-41Cifkg6e8TylSpdtTpeLVMqvSBEVzTttHvERD741+pnZ8ANv0004MRL43QKPDlK9cGvNp6NZWZUBlbGXYxxng=="
        },
        "just-queue": {
            "version": "1.0.1",
            "resolved": "https://registry.npmjs.org/just-queue/-/just-queue-1.0.1.tgz",
            "integrity": "sha512-eUbSioOUcobIArmndD2Q16bv8ZKZS1L0KzNoJhMNRAw7BQW3HDyX2To6L25+3I17ftl7sss4HVL83zjjb3KeYg=="
        },
        "media-typer": {
            "version": "0.3.0",
            "resolved": "https://registry.npmjs.org/media-typer/-/media-typer-0.3.0.tgz",
            "integrity": "sha1-hxDXrwqmJvj/+hzgAWhUUmMlV0g="
        },
        "mime-db": {
            "version": "1.52.0",
            "resolved": "https://registry.npmjs.org/mime-db/-/mime-db-1.52.0.tgz",
            "integrity": "sha512-sPU4uV7dYlvtWJxwwxHD0PuihVNiE7TyAbQ5SWxDCB9mUYvOgroQOwYQQOKPJ8CIbE+1ETVlOoK1UC2nU3gYvg=="
        },
        "mime-types": {
            "version": "2.1.35",
            "resolved": "https://registry.npmjs.org/mime-types/-/mime-types-2.1.35.tgz",
            "integrity": "sha512-ZDY+bPm5zTTF+YpCrAU9nK0UgICYPT0QtT1NZWFv4s++TNkcgVaT0g6+4R2uI4MjQjzysHB1zxuWL50hzaeXiw==",
            "requires": {
                "mime-db": "1.52.0"
            }
        },
        "negotiator": {
            "version": "0.6.3",
            "resolved": "https://registry.npmjs.org/negotiator/-/negotiator-0.6.3.tgz",
            "integrity": "sha512-+EUsqGPLsM+j/zdChZjsnX51g4XrHFOIXwfnCVPGlQk/k5giakcKsuxCObBRu6DSm9opw/O6slWbJdghQM4bBg=="
        },
        "node-domexception": {
            "version": "1.0.0",
            "resolved": "https://registry.npmjs.org/node-domexception/-/node-domexception-1.0.0.tgz",
            "integrity": "sha512-/jKZoMpw0F8GRwl4/eLROPA3cfcXtLApP0QzLmUT/HuPCZWyB7IY9ZrMeKw2O/nFIqPQB3PVM9aYm0F312AXDQ=="
        },
        "node-fetch": {
            "version": "3.2.3",
            "resolved": "https://registry.npmjs.org/node-fetch/-/node-fetch-3.2.3.tgz",
            "integrity": "sha512-AXP18u4pidSZ1xYXRDPY/8jdv3RAozIt/WLNR/MBGZAz+xjtlr90RvCnsvHQRiXyWliZF/CpytExp32UU67/SA==",
            "requires": {
                "data-uri-to-buffer": "^4.0.0",
                "fetch-blob": "^3.1.4",
                "formdata-polyfill": "^4.0.10"
            }
        },
        "normalize-path": {
            "version": "3.0.0",
            "resolved": "https://registry.npmjs.org/normalize-path/-/normalize-path-3.0.0.tgz",
            "integrity": "sha512-6eZs5Ls3WtCisHWp9S2GUy8dqkpGi4BVSz3GaqiE6ezub0512ESztXUwUB6C6IKbQkY2Pnb/mD4WYojCRwcwLA=="
        },
        "picomatch": {
            "version": "2.3.1",
            "resolved": "https://registry.npmjs.org/picomatch/-/picomatch-2.3.1.tgz",
            "integrity": "sha512-JU3teHTNjmE2VCGFzuY8EXzCDVwEqB2a8fsIvwaStHhAWJEeVd1o1QD80CU6+ZdEXXSLbSsuLwJjkCBWqRQUVA=="
        },
        "range-parser": {
            "version": "1.2.1",
            "resolved": "https://registry.npmjs.org/range-parser/-/range-parser-1.2.1.tgz",
            "integrity": "sha512-Hrgsx+orqoygnmhFbKaHE6c296J+HTAQXoxEF6gNupROmmGJRoyzfG3ccAveqCBrwr/2yxQ5BVd/GTl5agOwSg=="
        },
        "readdirp": {
            "version": "3.6.0",
            "resolved": "https://registry.npmjs.org/readdirp/-/readdirp-3.6.0.tgz",
            "integrity": "sha512-hOS089on8RduqdbhvQ5Z37A0ESjsqz6qnRcffsMU3495FuTdqSm+7bhJ29JvIOsBDEEnan5DPu9t3To9VRlMzA==",
            "requires": {
                "picomatch": "^2.2.1"
            }
        },
        "rxjs": {
            "version": "7.8.1",
            "resolved": "https://registry.npmjs.org/rxjs/-/rxjs-7.8.1.tgz",
            "integrity": "sha512-AA3TVj+0A2iuIoQkWEK/tqFjBq2j+6PO6Y0zJcvzLAFhEFIO3HL0vls9hWLncZbAAbK0mar7oZ4V079I/qPMxg==",
            "optional": true,
            "requires": {
                "tslib": "^2.1.0"
            }
        },
        "streamsearch": {
            "version": "1.1.0",
            "resolved": "https://registry.npmjs.org/streamsearch/-/streamsearch-1.1.0.tgz",
            "integrity": "sha512-Mcc5wHehp9aXz1ax6bZUyY5afg9u2rv5cqQI3mRrYkGC8rW2hM02jWuwjtL++LS5qinSyhj2QfLyNsuc+VsExg=="
        },
        "temp-dir": {
            "version": "2.0.0",
            "resolved": "https://registry.npmjs.org/temp-dir/-/temp-dir-2.0.0.tgz",
            "integrity": "sha512-aoBAniQmmwtcKp/7BzsH8Cxzv8OL736p7v1ihGb5e9DJ9kTwGWHrQrVB5+lfVDzfGrdRzXch+ig7LHaY1JTOrg=="
        },
        "to-regex-range": {
            "version": "5.0.1",
            "resolved": "https://registry.npmjs.org/to-regex-range/-/to-regex-range-5.0.1.tgz",
            "integrity": "sha512-65P7iz6X5yEr1cwcgvQxbbIw7Uk3gOy5dIdtZ4rDveLqhrdJP+Li/Hx6tyK0NEb+2GCyneCMJiGqrADCSNk8sQ==",
            "requires": {
                "is-number": "^7.0.0"
            }
        },
        "tslib": {
            "version": "2.6.1",
            "resolved": "https://registry.npmjs.org/tslib/-/tslib-2.6.1.tgz",
            "integrity": "sha512-t0hLfiEKfMUoqhG+U1oid7Pva4bbDPHYfJNiB7BiIjRkj1pyC++4N3huJfqY6aRH6VTB0rvtzQwjM4K6qpfOig==",
            "optional": true
        },
        "type-is": {
            "version": "1.6.18",
            "resolved": "https://registry.npmjs.org/type-is/-/type-is-1.6.18.tgz",
            "integrity": "sha512-TkRKr9sUTxEH8MdfuCSP7VizJyzRNMjj2J2do2Jr3Kym598JVdEksuzPQCnlFPW4ky9Q+iA+ma9BGm06XQBy8g==",
            "requires": {
                "media-typer": "0.3.0",
                "mime-types": "~2.1.24"
            }
        },
        "typed-emitter": {
            "version": "2.1.0",
            "resolved": "https://registry.npmjs.org/typed-emitter/-/typed-emitter-2.1.0.tgz",
            "integrity": "sha512-g/KzbYKbH5C2vPkaXGu8DJlHrGKHLsM25Zg9WuC9pMGfuvT+X25tZQWo5fK1BjBm8+UrVE9LDCvaY0CQk+fXDA==",
            "requires": {
                "rxjs": "*"
            }
        },
        "uWebSockets.js": {
            "version": "git+ssh://git@github.com/uNetworking/uWebSockets.js.git#809b99d2d7d12e2cbf89b7135041e9b41ff84084",
            "from": "uWebSockets.js@github:uNetworking/uWebSockets.js#v20.31.0"
        },
        "web-streams-polyfill": {
            "version": "3.2.1",
            "resolved": "https://registry.npmjs.org/web-streams-polyfill/-/web-streams-polyfill-3.2.1.tgz",
            "integrity": "sha512-e0MO3wdXWKrLbL0DgGnUV7WHVuw9OUvL4hjgnPkIeEvESk74gAITi5G606JtZPp39cd8HA9VQzCIvA49LpPN5Q=="
        },
        "ws": {
            "version": "8.5.0",
            "resolved": "https://registry.npmjs.org/ws/-/ws-8.5.0.tgz",
            "integrity": "sha512-BWX0SWVgLPzYwF8lTzEy1egjhS4S4OEAHfsO8o65WOVsrnSRGaSiUaa9e0ggGlkMTtBlmOpEXiie9RUcBO86qg==",
            "requires": {}
        }
    }
}
